
Microsoft Visual Studio Solution File, Format Version 12.00
# Visual Studio Version 17
VisualStudioVersion = 17.2.32630.192
MinimumVisualStudioVersion = 10.0.40219.1
Project("{9A19103F-16F7-4668-BE54-9A1E7A4F7556}") = "R5T.T0232", "R5T.T0232\R5T.T0232.csproj", "{C1D8EE03-87DA-4F8A-9ED7-94FF552CBAF9}"
EndProject
Global
	GlobalSection(SolutionConfigurationPlatforms) = preSolution
		Debug|Any CPU = Debug|Any CPU
		Release|Any CPU = Release|Any CPU
	EndGlobalSection
	GlobalSection(ProjectConfigurationPlatforms) = postSolution
		{C1D8EE03-87DA-4F8A-9ED7-94FF552CBAF9}.Debug|Any CPU.ActiveCfg = Debug|Any CPU
		{C1D8EE03-87DA-4F8A-9ED7-94FF552CBAF9}.Debug|Any CPU.Build.0 = Debug|Any CPU
		{C1D8EE03-87DA-4F8A-9ED7-94FF552CBAF9}.Release|Any CPU.ActiveCfg = Release|Any CPU
		{C1D8EE03-87DA-4F8A-9ED7-94FF552CBAF9}.Release|Any CPU.Build.0 = Release|Any CPU
	EndGlobalSection
	GlobalSection(SolutionProperties) = preSolution
		HideSolutionNode = FALSE
	EndGlobalSection
	GlobalSection(ExtensibilityGlobals) = postSolution
		SolutionGuid = {42306716-ABAE-47EA-88AE-6A36996BA655}
	EndGlobalSection
EndGlobal
